// !$*UTF8*$!
{
	archiveVersion = 1;
	classes = {
	};
	objectVersion = 50;
	objects = {

/* Begin PBXBuildFile section */
		C8970E3F22DD239E00FF97B0 /* AppDelegate.swift in Sources */ = {isa = PBXBuildFile; fileRef = C8970E3E22DD239E00FF97B0 /* AppDelegate.swift */; };
		C8970E4122DD239E00FF97B0 /* ViewController.swift in Sources */ = {isa = PBXBuildFile; fileRef = C8970E4022DD239E00FF97B0 /* ViewController.swift */; };
		C8970E4422DD239E00FF97B0 /* Main.storyboard in Resources */ = {isa = PBXBuildFile; fileRef = C8970E4222DD239E00FF97B0 /* Main.storyboard */; };
		C8970E4722DD239E00FF97B0 /* core_data.xcdatamodeld in Sources */ = {isa = PBXBuildFile; fileRef = C8970E4522DD239E00FF97B0 /* core_data.xcdatamodeld */; };
		C8970E4922DD239F00FF97B0 /* Assets.xcassets in Resources */ = {isa = PBXBuildFile; fileRef = C8970E4822DD239F00FF97B0 /* Assets.xcassets */; };
		C8970E4C22DD239F00FF97B0 /* LaunchScreen.storyboard in Resources */ = {isa = PBXBuildFile; fileRef = C8970E4A22DD239F00FF97B0 /* LaunchScreen.storyboard */; };
		C8970E5522DD270500FF97B0 /* Student+CoreDataClass.swift in Sources */ = {isa = PBXBuildFile; fileRef = C8970E5322DD270500FF97B0 /* Student+CoreDataClass.swift */; };
		C8970E5622DD270500FF97B0 /* Student+CoreDataProperties.swift in Sources */ = {isa = PBXBuildFile; fileRef = C8970E5422DD270500FF97B0 /* Student+CoreDataProperties.swift */; };
		C8970E5922DD278E00FF97B0 /* CoreData.framework in Frameworks */ = {isa = PBXBuildFile; fileRef = C8970E5822DD278E00FF97B0 /* CoreData.framework */; };
		C8970E5B22DD2BF700FF97B0 /* Database helper.swift in Sources */ = {isa = PBXBuildFile; fileRef = C8970E5A22DD2BF700FF97B0 /* Database helper.swift */; };
		C8B3A36F22EA36FB002FEC3B /* TableViewCell.swift in Sources */ = {isa = PBXBuildFile; fileRef = C8B3A36E22EA36FB002FEC3B /* TableViewCell.swift */; };
		C8B3A37122EA376A002FEC3B /* ListViewController.swift in Sources */ = {isa = PBXBuildFile; fileRef = C8B3A37022EA376A002FEC3B /* ListViewController.swift */; };
/* End PBXBuildFile section */

/* Begin PBXFileReference section */
		C8970E3B22DD239E00FF97B0 /* core data.app */ = {isa = PBXFileReference; explicitFileType = wrapper.application; includeInIndex = 0; path = "core data.app"; sourceTree = BUILT_PRODUCTS_DIR; };
		C8970E3E22DD239E00FF97B0 /* AppDelegate.swift */ = {isa = PBXFileReference; lastKnownFileType = sourcecode.swift; path = AppDelegate.swift; sourceTree = "<group>"; };
		C8970E4022DD239E00FF97B0 /* ViewController.swift */ = {isa = PBXFileReference; lastKnownFileType = sourcecode.swift; path = ViewController.swift; sourceTree = "<group>"; };
		C8970E4322DD239E00FF97B0 /* Base */ = {isa = PBXFileReference; lastKnownFileType = file.storyboard; name = Base; path = Base.lproj/Main.storyboard; sourceTree = "<group>"; };
		C8970E4622DD239E00FF97B0 /* core_data.xcdatamodel */ = {isa = PBXFileReference; lastKnownFileType = wrapper.xcdatamodel; path = core_data.xcdatamodel; sourceTree = "<group>"; };
		C8970E4822DD239F00FF97B0 /* Assets.xcassets */ = {isa = PBXFileReference; lastKnownFileType = folder.assetcatalog; path = Assets.xcassets; sourceTree = "<group>"; };
		C8970E4B22DD239F00FF97B0 /* Base */ = {isa = PBXFileReference; lastKnownFileType = file.storyboard; name = Base; path = Base.lproj/LaunchScreen.storyboard; sourceTree = "<group>"; };
		C8970E4D22DD239F00FF97B0 /* Info.plist */ = {isa = PBXFileReference; lastKnownFileType = text.plist.xml; path = Info.plist; sourceTree = "<group>"; };
		C8970E5322DD270500FF97B0 /* Student+CoreDataClass.swift */ = {isa = PBXFileReference; lastKnownFileType = sourcecode.swift; path = "Student+CoreDataClass.swift"; sourceTree = "<group>"; };
		C8970E5422DD270500FF97B0 /* Student+CoreDataProperties.swift */ = {isa = PBXFileReference; lastKnownFileType = sourcecode.swift; path = "Student+CoreDataProperties.swift"; sourceTree = "<group>"; };
		C8970E5822DD278E00FF97B0 /* CoreData.framework */ = {isa = PBXFileReference; lastKnownFileType = wrapper.framework; name = CoreData.framework; path = System/Library/Frameworks/CoreData.framework; sourceTree = SDKROOT; };
		C8970E5A22DD2BF700FF97B0 /* Database helper.swift */ = {isa = PBXFileReference; lastKnownFileType = sourcecode.swift; path = "Database helper.swift"; sourceTree = "<group>"; };
		C8B3A36E22EA36FB002FEC3B /* TableViewCell.swift */ = {isa = PBXFileReference; lastKnownFileType = sourcecode.swift; path = TableViewCell.swift; sourceTree = "<group>"; };
		C8B3A37022EA376A002FEC3B /* ListViewController.swift */ = {isa = PBXFileReference; lastKnownFileType = sourcecode.swift; path = ListViewController.swift; sourceTree = "<group>"; };
/* End PBXFileReference section */

/* Begin PBXFrameworksBuildPhase section */
		C8970E3822DD239E00FF97B0 /* Frameworks */ = {
			isa = PBXFrameworksBuildPhase;
			buildActionMask = 2147483647;
			files = (
				C8970E5922DD278E00FF97B0 /* CoreData.framework in Frameworks */,
			);
			runOnlyForDeploymentPostprocessing = 0;
		};
/* End PBXFrameworksBuildPhase section */

/* Begin PBXGroup section */
		C8970E3222DD239E00FF97B0 = {
			isa = PBXGroup;
			children = (
				C8970E3D22DD239E00FF97B0 /* core data */,
				C8970E3C22DD239E00FF97B0 /* Products */,
				C8970E5722DD278E00FF97B0 /* Frameworks */,
			);
			sourceTree = "<group>";
		};
		C8970E3C22DD239E00FF97B0 /* Products */ = {
			isa = PBXGroup;
			children = (
				C8970E3B22DD239E00FF97B0 /* core data.app */,
			);
			name = Products;
			sourceTree = "<group>";
		};
		C8970E3D22DD239E00FF97B0 /* core data */ = {
			isa = PBXGroup;
			children = (
				C8970E3E22DD239E00FF97B0 /* AppDelegate.swift */,
				C8970E4022DD239E00FF97B0 /* ViewController.swift */,
				C8970E5322DD270500FF97B0 /* Student+CoreDataClass.swift */,
				C8970E5422DD270500FF97B0 /* Student+CoreDataProperties.swift */,
				C8B3A36E22EA36FB002FEC3B /* TableViewCell.swift */,
				C8B3A37022EA376A002FEC3B /* ListViewController.swift */,
				C8970E5A22DD2BF700FF97B0 /* Database helper.swift */,
				C8970E4222DD239E00FF97B0 /* Main.storyboard */,
				C8970E4822DD239F00FF97B0 /* Assets.xcassets */,
				C8970E4A22DD239F00FF97B0 /* LaunchScreen.storyboard */,
				C8970E4D22DD239F00FF97B0 /* Info.plist */,
				C8970E4522DD239E00FF97B0 /* core_data.xcdatamodeld */,
			);
			path = "core data";
			sourceTree = "<group>";
		};
		C8970E5722DD278E00FF97B0 /* Frameworks */ = {
			isa = PBXGroup;
			children = (
				C8970E5822DD278E00FF97B0 /* CoreData.framework */,
			);
			name = Frameworks;
			sourceTree = "<group>";
		};
/* End PBXGroup section */

/* Begin PBXNativeTarget section */
		C8970E3A22DD239E00FF97B0 /* core data */ = {
			isa = PBXNativeTarget;
			buildConfigurationList = C8970E5022DD239F00FF97B0 /* Build configuration list for PBXNativeTarget "core data" */;
			buildPhases = (
				C8970E3722DD239E00FF97B0 /* Sources */,
				C8970E3822DD239E00FF97B0 /* Frameworks */,
				C8970E3922DD239E00FF97B0 /* Resources */,
			);
			buildRules = (
			);
			dependencies = (
			);
			name = "core data";
			productName = "core data";
			productReference = C8970E3B22DD239E00FF97B0 /* core data.app */;
			productType = "com.apple.product-type.application";
		};
/* End PBXNativeTarget section */

/* Begin PBXProject section */
		C8970E3322DD239E00FF97B0 /* Project object */ = {
			isa = PBXProject;
			attributes = {
				LastSwiftUpdateCheck = 0940;
				LastUpgradeCheck = 0940;
				ORGANIZATIONNAME = "Manish Chaturvedi";
				TargetAttributes = {
					C8970E3A22DD239E00FF97B0 = {
						CreatedOnToolsVersion = 9.4;
					};
				};
			};
			buildConfigurationList = C8970E3622DD239E00FF97B0 /* Build configuration list for PBXProject "core data" */;
			compatibilityVersion = "Xcode 9.3";
			developmentRegion = en;
			hasScannedForEncodings = 0;
			knownRegions = (
				en,
				Base,
			);
			mainGroup = C8970E3222DD239E00FF97B0;
			productRefGroup = C8970E3C22DD239E00FF97B0 /* Products */;
			projectDirPath = "";
			projectRoot = "";
			targets = (
				C8970E3A22DD239E00FF97B0 /* core data */,
			);
		};
/* End PBXProject section */

/* Begin PBXResourcesBuildPhase section */
		C8970E3922DD239E00FF97B0 /* Resources */ = {
			isa = PBXResourcesBuildPhase;
			buildActionMask = 2147483647;
			files = (
				C8970E4C22DD239F00FF97B0 /* LaunchScreen.storyboard in Resources */,
				C8970E4922DD239F00FF97B0 /* Assets.xcassets in Resources */,
				C8970E4422DD239E00FF97B0 /* Main.storyboard in Resources */,
			);
			runOnlyForDeploymentPostprocessing = 0;
		};
/* End PBXResourcesBuildPhase section */

/* Begin PBXSourcesBuildPhase section */
		C8970E3722DD239E00FF97B0 /* Sources */ = {
			isa = PBXSourcesBuildPhase;
			buildActionMask = 2147483647;
			files = (
				C8970E4122DD239E00FF97B0 /* ViewController.swift in Sources */,
				C8970E5522DD270500FF97B0 /* Student+CoreDataClass.swift in Sources */,
				C8970E3F22DD239E00FF97B0 /* AppDelegate.swift in Sources */,
				C8970E5B22DD2BF700FF97B0 /* Database helper.swift in Sources */,
				C8970E4722DD239E00FF97B0 /* core_data.xcdatamodeld in Sources */,
				C8B3A36F22EA36FB002FEC3B /* TableViewCell.swift in Sources */,
				C8B3A37122EA376A002FEC3B /* ListViewController.swift in Sources */,
				C8970E5622DD270500FF97B0 /* Student+CoreDataProperties.swift in Sources */,
			);
			runOnlyForDeploymentPostprocessing = 0;
		};
/* End PBXSourcesBuildPhase section */

/* Begin PBXVariantGroup section */
		C8970E4222DD239E00FF97B0 /* Main.storyboard */ = {
			isa = PBXVariantGroup;
			children = (
				C8970E4322DD239E00FF97B0 /* Base */,
			);
			name = Main.storyboard;
			sourceTree = "<group>";
		};
		C8970E4A22DD239F00FF97B0 /* LaunchScreen.storyboard */ = {
			isa = PBXVariantGroup;
			children = (
				C8970E4B22DD239F00FF97B0 /* Base */,
			);
			name = LaunchScreen.storyboard;
			sourceTree = "<group>";
		};
/* End PBXVariantGroup section */

/* Begin XCBuildConfiguration section */
		C8970E4E22DD239F00FF97B0 /* Debug */ = {
			isa = XCBuildConfiguration;
			buildSettings = {
				ALWAYS_SEARCH_USER_PATHS = NO;
				CLANG_ANALYZER_NONNULL = YES;
				CLANG_ANALYZER_NUMBER_OBJECT_CONVERSION = YES_AGGRESSIVE;
				CLANG_CXX_LANGUAGE_STANDARD = "gnu++14";
				CLANG_CXX_LIBRARY = "libc++";
				CLANG_ENABLE_MODULES = YES;
				CLANG_ENABLE_OBJC_ARC = YES;
				CLANG_ENABLE_OBJC_WEAK = YES;
				CLANG_WARN_BLOCK_CAPTURE_AUTORELEASING = YES;
				CLANG_WARN_BOOL_CONVERSION = YES;
				CLANG_WARN_COMMA = YES;
				CLANG_WARN_CONSTANT_CONVERSION = YES;
				CLANG_WARN_DEPRECATED_OBJC_IMPLEMENTATIONS = YES;
				CLANG_WARN_DIRECT_OBJC_ISA_USAGE = YES_ERROR;
				CLANG_WARN_DOCUMENTATION_COMMENTS = YES;
				CLANG_WARN_EMPTY_BODY = YES;
				CLANG_WARN_ENUM_CONVERSION = YES;
				CLANG_WARN_INFINITE_RECURSION = YES;
				CLANG_WARN_INT_CONVERSION = YES;
				CLANG_WARN_NON_LITERAL_NULL_CONVERSION = YES;
				CLANG_WARN_OBJC_IMPLICIT_RETAIN_SELF = YES;
				CLANG_WARN_OBJC_LITERAL_CONVERSION = YES;
				CLANG_WARN_OBJC_ROOT_CLASS = YES_ERROR;
				CLANG_WARN_RANGE_LOOP_ANALYSIS = YES;
				CLANG_WARN_STRICT_PROTOTYPES = YES;
				CLANG_WARN_SUSPICIOUS_MOVE = YES;
				CLANG_WARN_UNGUARDED_AVAILABILITY = YES_AGGRESSIVE;
				CLANG_WARN_UNREACHABLE_CODE = YES;
				CLANG_WARN__DUPLICATE_METHOD_MATCH = YES;
				CODE_SIGN_IDENTITY = "iPhone Developer";
				COPY_PHASE_STRIP = NO;
				DEBUG_INFORMATION_FORMAT = dwarf;
				ENABLE_STRICT_OBJC_MSGSEND = YES;
				ENABLE_TESTABILITY = YES;
				GCC_C_LANGUAGE_STANDARD = gnu11;
				GCC_DYNAMIC_NO_PIC = NO;
				GCC_NO_COMMON_BLOCKS = YES;
				GCC_OPTIMIZATION_LEVEL = 0;
				GCC_PREPROCESSOR_DEFINITIONS = (
					"DEBUG=1",
					"$(inherited)",
				);
				GCC_WARN_64_TO_32_BIT_CONVERSION = YES;
				GCC_WARN_ABOUT_RETURN_TYPE = YES_ERROR;
				GCC_WARN_UNDECLARED_SELECTOR = YES;
				GCC_WARN_UNINITIALIZED_AUTOS = YES_AGGRESSIVE;
				GCC_WARN_UNUSED_FUNCTION = YES;
				GCC_WARN_UNUSED_VARIABLE = YES;
				IPHONEOS_DEPLOYMENT_TARGET = 11.4;
				MTL_ENABLE_DEBUG_INFO = YES;
				ONLY_ACTIVE_ARCH = YES;
				SDKROOT = iphoneos;
				SWIFT_ACTIVE_COMPILATION_CONDITIONS = DEBUG;
				SWIFT_OPTIMIZATION_LEVEL = "-Onone";
			};
			name = Debug;
		};
		C8970E4F22DD239F00FF97B0 /* Release */ = {
			isa = XCBuildConfiguration;
			buildSettings = {
				ALWAYS_SEARCH_USER_PATHS = NO;
				CLANG_ANALYZER_NONNULL = YES;
				CLANG_ANALYZER_NUMBER_OBJECT_CONVERSION = YES_AGGRESSIVE;
				CLANG_CXX_LANGUAGE_STANDARD = "gnu++14";
				CLANG_CXX_LIBRARY = "libc++";
				CLANG_ENABLE_MODULES = YES;
				CLANG_ENABLE_OBJC_ARC = YES;
				CLANG_ENABLE_OBJC_WEAK = YES;
				CLANG_WARN_BLOCK_CAPTURE_AUTORELEASING = YES;
				CLANG_WARN_BOOL_CONVERSION = YES;
				CLANG_WARN_COMMA = YES;
				CLANG_WARN_CONSTANT_CONVERSION = YES;
				CLANG_WARN_DEPRECATED_OBJC_IMPLEMENTATIONS = YES;
				CLANG_WARN_DIRECT_OBJC_ISA_USAGE = YES_ERROR;
				CLANG_WARN_DOCUMENTATION_COMMENTS = YES;
				CLANG_WARN_EMPTY_BODY = YES;
				CLANG_WARN_ENUM_CONVERSION = YES;
				CLANG_WARN_INFINITE_RECURSION = YES;
				CLANG_WARN_INT_CONVERSION = YES;
				CLANG_WARN_NON_LITERAL_NULL_CONVERSION = YES;
				CLANG_WARN_OBJC_IMPLICIT_RETAIN_SELF = YES;
				CLANG_WARN_OBJC_LITERAL_CONVERSION = YES;
				CLANG_WARN_OBJC_ROOT_CLASS = YES_ERROR;
				CLANG_WARN_RANGE_LOOP_ANALYSIS = YES;
				CLANG_WARN_STRICT_PROTOTYPES = YES;
				CLANG_WARN_SUSPICIOUS_MOVE = YES;
				CLANG_WARN_UNGUARDED_AVAILABILITY = YES_AGGRESSIVE;
				CLANG_WARN_UNREACHABLE_CODE = YES;
				CLANG_WARN__DUPLICATE_METHOD_MATCH = YES;
				CODE_SIGN_IDENTITY = "iPhone Developer";
				COPY_PHASE_STRIP = NO;
				DEBUG_INFORMATION_FORMAT = "dwarf-with-dsym";
				ENABLE_NS_ASSERTIONS = NO;
				ENABLE_STRICT_OBJC_MSGSEND = YES;
				GCC_C_LANGUAGE_STANDARD = gnu11;
				GCC_NO_COMMON_BLOCKS = YES;
				GCC_WARN_64_TO_32_BIT_CONVERSION = YES;
				GCC_WARN_ABOUT_RETURN_TYPE = YES_ERROR;
				GCC_WARN_UNDECLARED_SELECTOR = YES;
				GCC_WARN_UNINITIALIZED_AUTOS = YES_AGGRESSIVE;
				GCC_WARN_UNUSED_FUNCTION = YES;
				GCC_WARN_UNUSED_VARIABLE = YES;
				IPHONEOS_DEPLOYMENT_TARGET = 11.4;
				MTL_ENABLE_DEBUG_INFO = NO;
				SDKROOT = iphoneos;
				SWIFT_COMPILATION_MODE = wholemodule;
				SWIFT_OPTIMIZATION_LEVEL = "-O";
				VALIDATE_PRODUCT = YES;
			};
			name = Release;
		};
		C8970E5122DD239F00FF97B0 /* Debug */ = {
			isa = XCBuildConfiguration;
			buildSettings = {
				ASSETCATALOG_COMPILER_APPICON_NAME = AppIcon;
				CODE_SIGN_STYLE = Automatic;
				INFOPLIST_FILE = "core data/Info.plist";
				LD_RUNPATH_SEARCH_PATHS = (
					"$(inherited)",
					"@executable_path/Frameworks",
				);
				PRODUCT_BUNDLE_IDENTIFIER = "Manish.core-data";
				PRODUCT_NAME = "$(TARGET_NAME)";
				SWIFT_VERSION = 4.0;
				TARGETED_DEVICE_FAMILY = "1,2";
			};
			name = Debug;
		};
		C8970E5222DD239F00FF97B0 /* Release */ = {
			isa = XCBuildConfiguration;
			buildSettings = {
				ASSETCATALOG_COMPILER_APPICON_NAME = AppIcon;
				CODE_SIGN_STYLE = Automatic;
				INFOPLIST_FILE = "core data/Info.plist";
				LD_RUNPATH_SEARCH_PATHS = (
					"$(inherited)",
					"@executable_path/Frameworks",
				);
				PRODUCT_BUNDLE_IDENTIFIER = "Manish.core-data";
				PRODUCT_NAME = "$(TARGET_NAME)";
				SWIFT_VERSION = 4.0;
				TARGETED_DEVICE_FAMILY = "1,2";
			};
			name = Release;
		};
/* End XCBuildConfiguration section */

/* Begin XCConfigurationList section */
		C8970E3622DD239E00FF97B0 /* Build configuration list for PBXProject "core data" */ = {
			isa = XCConfigurationList;
			buildConfigurations = (
				C8970E4E22DD239F00FF97B0 /* Debug */,
				C8970E4F22DD239F00FF97B0 /* Release */,
			);
			defaultConfigurationIsVisible = 0;
			defaultConfigurationName = Release;
		};
		C8970E5022DD239F00FF97B0 /* Build configuration list for PBXNativeTarget "core data" */ = {
			isa = XCConfigurationList;
			buildConfigurations = (
				C8970E5122DD239F00FF97B0 /* Debug */,
				C8970E5222DD239F00FF97B0 /* Release */,
			);
			defaultConfigurationIsVisible = 0;
			defaultConfigurationName = Release;
		};
/* End XCConfigurationList section */

/* Begin XCVersionGroup section */
		C8970E4522DD239E00FF97B0 /* core_data.xcdatamodeld */ = {
			isa = XCVersionGroup;
			children = (
				C8970E4622DD239E00FF97B0 /* core_data.xcdatamodel */,
			);
			currentVersion = C8970E4622DD239E00FF97B0 /* core_data.xcdatamodel */;
			path = core_data.xcdatamodeld;
			sourceTree = "<group>";
			versionGroupType = wrapper.xcdatamodel;
		};
/* End XCVersionGroup section */
	};
	rootObject = C8970E3322DD239E00FF97B0 /* Project object */;
}
